Microsoft Visual Studio Solution File, Format Version 8.00
Project("{8BC9CEB8-8B4A-11D0-8D11-00A0C91BC942}") = "Wing", "Wing.vcproj", "{B5D8C4B3-09DA-41CB-B48B-6495A8673C65}"
	ProjectSection(ProjectDependencies) = postProject
	EndProjectSection
EndProject
Global
	GlobalSection(SolutionConfiguration) = preSolution
		Debug = Debug
		Release = Release
	EndGlobalSection
	GlobalSection(ProjectConfiguration) = postSolution
		{B5D8C4B3-09DA-41CB-B48B-6495A8673C65}.Debug.ActiveCfg = Debug|Win32
		{B5D8C4B3-09DA-41CB-B48B-6495A8673C65}.Debug.Build.0 = Debug|Win32
		{B5D8C4B3-09DA-41CB-B48B-6495A8673C65}.Release.ActiveCfg = Release|Win32
		{B5D8C4B3-09DA-41CB-B48B-6495A8673C65}.Release.Build.0 = Release|Win32
	EndGlobalSection
	GlobalSection(ExtensibilityGlobals) = postSolution
	EndGlobalSection
	GlobalSection(ExtensibilityAddIns) = postSolution
	EndGlobalSection
EndGlobal
